# This file is generated by running "yarn install" inside your project.
# Manual changes might be lost - proceed with caution!

__metadata:
  version: 6
  cacheKey: 8

"@types/aws-lambda@npm:^8.10.92":
  version: 8.10.111
  resolution: "@types/aws-lambda@npm:8.10.111"
  checksum: 160ae845d5482220135f03680a97252b733e7e7decdbf46e9d482ccfe6c0ab68baeb648768979b8edb73561eb05de1087934fb59e48b4dbfe1ff2e548c3d67b6
  languageName: node
  linkType: hard

"asynckit@npm:^0.4.0":
  version: 0.4.0
  resolution: "asynckit@npm:0.4.0"
  checksum: 7b78c451df768adba04e2d02e63e2d0bf3b07adcd6e42b4cf665cb7ce899bedd344c69a1dcbce355b5f972d597b25aaa1c1742b52cffd9caccb22f348114f6be
  languageName: node
  linkType: hard

"available-typed-arrays@npm:^1.0.5":
  version: 1.0.5
  resolution: "available-typed-arrays@npm:1.0.5"
  checksum: 20eb47b3cefd7db027b9bbb993c658abd36d4edd3fe1060e83699a03ee275b0c9b216cc076ff3f2db29073225fb70e7613987af14269ac1fe2a19803ccc97f1a
  languageName: node
  linkType: hard

"aws-sdk@npm:^2.1322.0":
  version: 2.1322.0
  resolution: "aws-sdk@npm:2.1322.0"
  dependencies:
    buffer: 4.9.2
    events: 1.1.1
    ieee754: 1.1.13
    jmespath: 0.16.0
    querystring: 0.2.0
    sax: 1.2.1
    url: 0.10.3
    util: ^0.12.4
    uuid: 8.0.0
    xml2js: 0.4.19
  checksum: a85f5af8b580adc551a15a57b58c9fd99fb07d728db34df31c37a3d543f5ae95e0dde88e221aadb0641af8dbc2c24cc7ebf5d20b8545e78d00b8fb92cc02545d
  languageName: node
  linkType: hard

"axios@npm:^1.3.4":
  version: 1.3.4
  resolution: "axios@npm:1.3.4"
  dependencies:
    follow-redirects: ^1.15.0
    form-data: ^4.0.0
    proxy-from-env: ^1.1.0
  checksum: 7440edefcf8498bc3cdf39de00443e8101f249972c83b739c6e880d9d669fea9486372dbe8739e88b3bf8bb1ad15f6106693f206f078f4516fe8fd47b1c3093c
  languageName: node
  linkType: hard

"base64-js@npm:^1.0.2":
  version: 1.5.1
  resolution: "base64-js@npm:1.5.1"
  checksum: 669632eb3745404c2f822a18fc3a0122d2f9a7a13f7fb8b5823ee19d1d2ff9ee5b52c53367176ea4ad093c332fd5ab4bd0ebae5a8e27917a4105a4cfc86b1005
  languageName: node
  linkType: hard

"buffer@npm:4.9.2":
  version: 4.9.2
  resolution: "buffer@npm:4.9.2"
  dependencies:
    base64-js: ^1.0.2
    ieee754: ^1.1.4
    isarray: ^1.0.0
  checksum: 8801bc1ba08539f3be70eee307a8b9db3d40f6afbfd3cf623ab7ef41dffff1d0a31de0addbe1e66e0ca5f7193eeb667bfb1ecad3647f8f1b0750de07c13295c3
  languageName: node
  linkType: hard

"call-bind@npm:^1.0.2":
  version: 1.0.2
  resolution: "call-bind@npm:1.0.2"
  dependencies:
    function-bind: ^1.1.1
    get-intrinsic: ^1.0.2
  checksum: f8e31de9d19988a4b80f3e704788c4a2d6b6f3d17cfec4f57dc29ced450c53a49270dc66bf0fbd693329ee948dd33e6c90a329519aef17474a4d961e8d6426b0
  languageName: node
  linkType: hard

"combined-stream@npm:^1.0.8":
  version: 1.0.8
  resolution: "combined-stream@npm:1.0.8"
  dependencies:
    delayed-stream: ~1.0.0
  checksum: 49fa4aeb4916567e33ea81d088f6584749fc90c7abec76fd516bf1c5aa5c79f3584b5ba3de6b86d26ddd64bae5329c4c7479343250cfe71c75bb366eae53bb7c
  languageName: node
  linkType: hard

"delayed-stream@npm:~1.0.0":
  version: 1.0.0
  resolution: "delayed-stream@npm:1.0.0"
  checksum: 46fe6e83e2cb1d85ba50bd52803c68be9bd953282fa7096f51fc29edd5d67ff84ff753c51966061e5ba7cb5e47ef6d36a91924eddb7f3f3483b1c560f77a0020
  languageName: node
  linkType: hard

"events@npm:1.1.1":
  version: 1.1.1
  resolution: "events@npm:1.1.1"
  checksum: 40431eb005cc4c57861b93d44c2981a49e7feb99df84cf551baed299ceea4444edf7744733f6a6667e942af687359b1f4a87ec1ec4f21d5127dac48a782039b9
  languageName: node
  linkType: hard

"follow-redirects@npm:^1.15.0":
  version: 1.15.2
  resolution: "follow-redirects@npm:1.15.2"
  peerDependenciesMeta:
    debug:
      optional: true
  checksum: faa66059b66358ba65c234c2f2a37fcec029dc22775f35d9ad6abac56003268baf41e55f9ee645957b32c7d9f62baf1f0b906e68267276f54ec4b4c597c2b190
  languageName: node
  linkType: hard

"for-each@npm:^0.3.3":
  version: 0.3.3
  resolution: "for-each@npm:0.3.3"
  dependencies:
    is-callable: ^1.1.3
  checksum: 6c48ff2bc63362319c65e2edca4a8e1e3483a2fabc72fbe7feaf8c73db94fc7861bd53bc02c8a66a0c1dd709da6b04eec42e0abdd6b40ce47305ae92a25e5d28
  languageName: node
  linkType: hard

"form-data@npm:^4.0.0":
  version: 4.0.0
  resolution: "form-data@npm:4.0.0"
  dependencies:
    asynckit: ^0.4.0
    combined-stream: ^1.0.8
    mime-types: ^2.1.12
  checksum: 01135bf8675f9d5c61ff18e2e2932f719ca4de964e3be90ef4c36aacfc7b9cb2fceb5eca0b7e0190e3383fe51c5b37f4cb80b62ca06a99aaabfcfd6ac7c9328c
  languageName: node
  linkType: hard

"function-bind@npm:^1.1.1":
  version: 1.1.1
  resolution: "function-bind@npm:1.1.1"
  checksum: b32fbaebb3f8ec4969f033073b43f5c8befbb58f1a79e12f1d7490358150359ebd92f49e72ff0144f65f2c48ea2a605bff2d07965f548f6474fd8efd95bf361a
  languageName: node
  linkType: hard

"get-intrinsic@npm:^1.0.2, get-intrinsic@npm:^1.1.3":
  version: 1.2.0
  resolution: "get-intrinsic@npm:1.2.0"
  dependencies:
    function-bind: ^1.1.1
    has: ^1.0.3
    has-symbols: ^1.0.3
  checksum: 78fc0487b783f5c58cf2dccafc3ae656ee8d2d8062a8831ce4a95e7057af4587a1d4882246c033aca0a7b4965276f4802b45cc300338d1b77a73d3e3e3f4877d
  languageName: node
  linkType: hard

"gopd@npm:^1.0.1":
  version: 1.0.1
  resolution: "gopd@npm:1.0.1"
  dependencies:
    get-intrinsic: ^1.1.3
  checksum: a5ccfb8806e0917a94e0b3de2af2ea4979c1da920bc381667c260e00e7cafdbe844e2cb9c5bcfef4e5412e8bf73bab837285bc35c7ba73aaaf0134d4583393a6
  languageName: node
  linkType: hard

"has-symbols@npm:^1.0.2, has-symbols@npm:^1.0.3":
  version: 1.0.3
  resolution: "has-symbols@npm:1.0.3"
  checksum: a054c40c631c0d5741a8285010a0777ea0c068f99ed43e5d6eb12972da223f8af553a455132fdb0801bdcfa0e0f443c0c03a68d8555aa529b3144b446c3f2410
  languageName: node
  linkType: hard

"has-tostringtag@npm:^1.0.0":
  version: 1.0.0
  resolution: "has-tostringtag@npm:1.0.0"
  dependencies:
    has-symbols: ^1.0.2
  checksum: cc12eb28cb6ae22369ebaad3a8ab0799ed61270991be88f208d508076a1e99abe4198c965935ce85ea90b60c94ddda73693b0920b58e7ead048b4a391b502c1c
  languageName: node
  linkType: hard

"has@npm:^1.0.3":
  version: 1.0.3
  resolution: "has@npm:1.0.3"
  dependencies:
    function-bind: ^1.1.1
  checksum: b9ad53d53be4af90ce5d1c38331e712522417d017d5ef1ebd0507e07c2fbad8686fffb8e12ddecd4c39ca9b9b47431afbb975b8abf7f3c3b82c98e9aad052792
  languageName: node
  linkType: hard

"ieee754@npm:1.1.13":
  version: 1.1.13
  resolution: "ieee754@npm:1.1.13"
  checksum: 102df1ba662e316e6160f7ce29c7c7fa3e04f2014c288336c5a9ff40bbcc2a27d209fa2a81ebfb33f28b1941021343d30e9ad8ee85a2d61f79f5936c35edc33d
  languageName: node
  linkType: hard

"ieee754@npm:^1.1.4":
  version: 1.2.1
  resolution: "ieee754@npm:1.2.1"
  checksum: 5144c0c9815e54ada181d80a0b810221a253562422e7c6c3a60b1901154184f49326ec239d618c416c1c5945a2e197107aee8d986a3dd836b53dffefd99b5e7e
  languageName: node
  linkType: hard

"inherits@npm:^2.0.3":
  version: 2.0.4
  resolution: "inherits@npm:2.0.4"
  checksum: 4a48a733847879d6cf6691860a6b1e3f0f4754176e4d71494c41f3475553768b10f84b5ce1d40fbd0e34e6bfbb864ee35858ad4dd2cf31e02fc4a154b724d7f1
  languageName: node
  linkType: hard

"is-arguments@npm:^1.0.4":
  version: 1.1.1
  resolution: "is-arguments@npm:1.1.1"
  dependencies:
    call-bind: ^1.0.2
    has-tostringtag: ^1.0.0
  checksum: 7f02700ec2171b691ef3e4d0e3e6c0ba408e8434368504bb593d0d7c891c0dbfda6d19d30808b904a6cb1929bca648c061ba438c39f296c2a8ca083229c49f27
  languageName: node
  linkType: hard

"is-callable@npm:^1.1.3":
  version: 1.2.7
  resolution: "is-callable@npm:1.2.7"
  checksum: 61fd57d03b0d984e2ed3720fb1c7a897827ea174bd44402878e059542ea8c4aeedee0ea0985998aa5cc2736b2fa6e271c08587addb5b3959ac52cf665173d1ac
  languageName: node
  linkType: hard

"is-generator-function@npm:^1.0.7":
  version: 1.0.10
  resolution: "is-generator-function@npm:1.0.10"
  dependencies:
    has-tostringtag: ^1.0.0
  checksum: d54644e7dbaccef15ceb1e5d91d680eb5068c9ee9f9eb0a9e04173eb5542c9b51b5ab52c5537f5703e48d5fddfd376817c1ca07a84a407b7115b769d4bdde72b
  languageName: node
  linkType: hard

"is-typed-array@npm:^1.1.10, is-typed-array@npm:^1.1.3":
  version: 1.1.10
  resolution: "is-typed-array@npm:1.1.10"
  dependencies:
    available-typed-arrays: ^1.0.5
    call-bind: ^1.0.2
    for-each: ^0.3.3
    gopd: ^1.0.1
    has-tostringtag: ^1.0.0
  checksum: aac6ecb59d4c56a1cdeb69b1f129154ef462bbffe434cb8a8235ca89b42f258b7ae94073c41b3cb7bce37f6a1733ad4499f07882d5d5093a7ba84dfc4ebb8017
  languageName: node
  linkType: hard

"isarray@npm:^1.0.0":
  version: 1.0.0
  resolution: "isarray@npm:1.0.0"
  checksum: f032df8e02dce8ec565cf2eb605ea939bdccea528dbcf565cdf92bfa2da9110461159d86a537388ef1acef8815a330642d7885b29010e8f7eac967c9993b65ab
  languageName: node
  linkType: hard

"jmespath@npm:0.16.0":
  version: 0.16.0
  resolution: "jmespath@npm:0.16.0"
  checksum: 2d602493a1e4addfd1350ac8c9d54b1b03ed09e305fd863bab84a4ee1f52868cf939dd1a08c5cdea29ce9ba8f86875ebb458b6ed45dab3e1c3f2694503fb2fd9
  languageName: node
  linkType: hard

"mime-db@npm:1.52.0":
  version: 1.52.0
  resolution: "mime-db@npm:1.52.0"
  checksum: 0d99a03585f8b39d68182803b12ac601d9c01abfa28ec56204fa330bc9f3d1c5e14beb049bafadb3dbdf646dfb94b87e24d4ec7b31b7279ef906a8ea9b6a513f
  languageName: node
  linkType: hard

"mime-types@npm:^2.1.12":
  version: 2.1.35
  resolution: "mime-types@npm:2.1.35"
  dependencies:
    mime-db: 1.52.0
  checksum: 89a5b7f1def9f3af5dad6496c5ed50191ae4331cc5389d7c521c8ad28d5fdad2d06fd81baf38fed813dc4e46bb55c8145bb0ff406330818c9cf712fb2e9b3836
  languageName: node
  linkType: hard

"proxy-from-env@npm:^1.1.0":
  version: 1.1.0
  resolution: "proxy-from-env@npm:1.1.0"
  checksum: ed7fcc2ba0a33404958e34d95d18638249a68c430e30fcb6c478497d72739ba64ce9810a24f53a7d921d0c065e5b78e3822759800698167256b04659366ca4d4
  languageName: node
  linkType: hard

"punycode@npm:1.3.2":
  version: 1.3.2
  resolution: "punycode@npm:1.3.2"
  checksum: b8807fd594b1db33335692d1f03e8beeddde6fda7fbb4a2e32925d88d20a3aa4cd8dcc0c109ccaccbd2ba761c208dfaaada83007087ea8bfb0129c9ef1b99ed6
  languageName: node
  linkType: hard

"querystring@npm:0.2.0":
  version: 0.2.0
  resolution: "querystring@npm:0.2.0"
  checksum: 8258d6734f19be27e93f601758858c299bdebe71147909e367101ba459b95446fbe5b975bf9beb76390156a592b6f4ac3a68b6087cea165c259705b8b4e56a69
  languageName: node
  linkType: hard

"sax@npm:1.2.1":
  version: 1.2.1
  resolution: "sax@npm:1.2.1"
  checksum: 8dca7d5e1cd7d612f98ac50bdf0b9f63fbc964b85f0c4e2eb271f8b9b47fd3bf344c4d6a592e69ecf726d1485ca62cd8a52e603bbc332d18a66af25a9a1045ad
  languageName: node
  linkType: hard

"sax@npm:>=0.6.0":
  version: 1.2.4
  resolution: "sax@npm:1.2.4"
  checksum: d3df7d32b897a2c2f28e941f732c71ba90e27c24f62ee918bd4d9a8cfb3553f2f81e5493c7f0be94a11c1911b643a9108f231dd6f60df3fa9586b5d2e3e9e1fe
  languageName: node
  linkType: hard

"tts@workspace:.":
  version: 0.0.0-use.local
  resolution: "tts@workspace:."
  dependencies:
    "@types/aws-lambda": ^8.10.92
    aws-sdk: ^2.1322.0
    axios: ^1.3.4
  languageName: unknown
  linkType: soft

"url@npm:0.10.3":
  version: 0.10.3
  resolution: "url@npm:0.10.3"
  dependencies:
    punycode: 1.3.2
    querystring: 0.2.0
  checksum: 7b83ddb106c27bf9bde8629ccbe8d26e9db789c8cda5aa7db72ca2c6f9b8a88a5adf206f3e10db78e6e2d042b327c45db34c7010c1bf0d9908936a17a2b57d05
  languageName: node
  linkType: hard

"util@npm:^0.12.4":
  version: 0.12.5
  resolution: "util@npm:0.12.5"
  dependencies:
    inherits: ^2.0.3
    is-arguments: ^1.0.4
    is-generator-function: ^1.0.7
    is-typed-array: ^1.1.3
    which-typed-array: ^1.1.2
  checksum: 705e51f0de5b446f4edec10739752ac25856541e0254ea1e7e45e5b9f9b0cb105bc4bd415736a6210edc68245a7f903bf085ffb08dd7deb8a0e847f60538a38a
  languageName: node
  linkType: hard

"uuid@npm:8.0.0":
  version: 8.0.0
  resolution: "uuid@npm:8.0.0"
  bin:
    uuid: dist/bin/uuid
  checksum: 56d4e23aa7ac26fa2db6bd1778db34cb8c9f5a10df1770a27167874bf6705fc8f14a4ac414af58a0d96c7653b2bd4848510b29d1c2ef8c91ccb17429c1872b5e
  languageName: node
  linkType: hard

"which-typed-array@npm:^1.1.2":
  version: 1.1.9
  resolution: "which-typed-array@npm:1.1.9"
  dependencies:
    available-typed-arrays: ^1.0.5
    call-bind: ^1.0.2
    for-each: ^0.3.3
    gopd: ^1.0.1
    has-tostringtag: ^1.0.0
    is-typed-array: ^1.1.10
  checksum: fe0178ca44c57699ca2c0e657b64eaa8d2db2372a4e2851184f568f98c478ae3dc3fdb5f7e46c384487046b0cf9e23241423242b277e03e8ba3dabc7c84c98ef
  languageName: node
  linkType: hard

"xml2js@npm:0.4.19":
  version: 0.4.19
  resolution: "xml2js@npm:0.4.19"
  dependencies:
    sax: ">=0.6.0"
    xmlbuilder: ~9.0.1
  checksum: ca8b2fee430d450a18947786bfd7cd1a353ee00fc6fd550acbc8a8e65f1b4df5e9786fcb2990c1a5514ecd554d445fb74e1d716b3a4fcfffc10554aeb5db482b
  languageName: node
  linkType: hard

"xmlbuilder@npm:~9.0.1":
  version: 9.0.7
  resolution: "xmlbuilder@npm:9.0.7"
  checksum: 8193bb323806a002764f013bea0c6e9ff2dc26fd29109408761b16b59a8ad2214c2abe8e691755fd8b525586e3a0e1efeb92335947d7b0899032b779f1705a53
  languageName: node
  linkType: hard
